// !$*UTF8*$!
{
	archiveVersion = 1;
	classes = {
	};
	objectVersion = 50;
	objects = {

/* Begin PBXBuildFile section */
		ACA340D925913F1C00CC317A /* LesShakrasApp.swift in Sources */ = {isa = PBXBuildFile; fileRef = ACA340C625913F1800CC317A /* LesShakrasApp.swift */; };
		ACA340DA25913F1C00CC317A /* LesShakrasApp.swift in Sources */ = {isa = PBXBuildFile; fileRef = ACA340C625913F1800CC317A /* LesShakrasApp.swift */; };
		ACA340DB25913F1C00CC317A /* ContentView.swift in Sources */ = {isa = PBXBuildFile; fileRef = ACA340C725913F1800CC317A /* ContentView.swift */; };
		ACA340DC25913F1C00CC317A /* ContentView.swift in Sources */ = {isa = PBXBuildFile; fileRef = ACA340C725913F1800CC317A /* ContentView.swift */; };
		ACA340DD25913F1C00CC317A /* Assets.xcassets in Resources */ = {isa = PBXBuildFile; fileRef = ACA340C825913F1C00CC317A /* Assets.xcassets */; };
		ACA340DE25913F1C00CC317A /* Assets.xcassets in Resources */ = {isa = PBXBuildFile; fileRef = ACA340C825913F1C00CC317A /* Assets.xcassets */; };
/* End PBXBuildFile section */

/* Begin PBXFileReference section */
		ACA340C625913F1800CC317A /* LesShakrasApp.swift */ = {isa = PBXFileReference; lastKnownFileType = sourcecode.swift; path = LesShakrasApp.swift; sourceTree = "<group>"; };
		ACA340C725913F1800CC317A /* ContentView.swift */ = {isa = PBXFileReference; lastKnownFileType = sourcecode.swift; path = ContentView.swift; sourceTree = "<group>"; };
		ACA340C825913F1C00CC317A /* Assets.xcassets */ = {isa = PBXFileReference; lastKnownFileType = folder.assetcatalog; path = Assets.xcassets; sourceTree = "<group>"; };
		ACA340CD25913F1C00CC317A /* LesShakras.app */ = {isa = PBXFileReference; explicitFileType = wrapper.application; includeInIndex = 0; path = LesShakras.app; sourceTree = BUILT_PRODUCTS_DIR; };
		ACA340D025913F1C00CC317A /* Info.plist */ = {isa = PBXFileReference; lastKnownFileType = text.plist.xml; path = Info.plist; sourceTree = "<group>"; };
		ACA340D525913F1C00CC317A /* LesShakras.app */ = {isa = PBXFileReference; explicitFileType = wrapper.application; includeInIndex = 0; path = LesShakras.app; sourceTree = BUILT_PRODUCTS_DIR; };
		ACA340D725913F1C00CC317A /* Info.plist */ = {isa = PBXFileReference; lastKnownFileType = text.plist.xml; path = Info.plist; sourceTree = "<group>"; };
		ACA340D825913F1C00CC317A /* macOS.entitlements */ = {isa = PBXFileReference; lastKnownFileType = text.plist.entitlements; path = macOS.entitlements; sourceTree = "<group>"; };
/* End PBXFileReference section */

/* Begin PBXFrameworksBuildPhase section */
		ACA340CA25913F1C00CC317A /* Frameworks */ = {
			isa = PBXFrameworksBuildPhase;
			buildActionMask = 2147483647;
			files = (
			);
			runOnlyForDeploymentPostprocessing = 0;
		};
		ACA340D225913F1C00CC317A /* Frameworks */ = {
			isa = PBXFrameworksBuildPhase;
			buildActionMask = 2147483647;
			files = (
			);
			runOnlyForDeploymentPostprocessing = 0;
		};
/* End PBXFrameworksBuildPhase section */

/* Begin PBXGroup section */
		ACA340C025913F1800CC317A = {
			isa = PBXGroup;
			children = (
				ACA340C525913F1800CC317A /* Shared */,
				ACA340CF25913F1C00CC317A /* iOS */,
				ACA340D625913F1C00CC317A /* macOS */,
				ACA340CE25913F1C00CC317A /* Products */,
			);
			sourceTree = "<group>";
		};
		ACA340C525913F1800CC317A /* Shared */ = {
			isa = PBXGroup;
			children = (
				ACA340C625913F1800CC317A /* LesShakrasApp.swift */,
				ACA340C725913F1800CC317A /* ContentView.swift */,
				ACA340C825913F1C00CC317A /* Assets.xcassets */,
			);
			path = Shared;
			sourceTree = "<group>";
		};
		ACA340CE25913F1C00CC317A /* Products */ = {
			isa = PBXGroup;
			children = (
				ACA340CD25913F1C00CC317A /* LesShakras.app */,
				ACA340D525913F1C00CC317A /* LesShakras.app */,
			);
			name = Products;
			sourceTree = "<group>";
		};
		ACA340CF25913F1C00CC317A /* iOS */ = {
			isa = PBXGroup;
			children = (
				ACA340D025913F1C00CC317A /* Info.plist */,
			);
			path = iOS;
			sourceTree = "<group>";
		};
		ACA340D625913F1C00CC317A /* macOS */ = {
			isa = PBXGroup;
			children = (
				ACA340D725913F1C00CC317A /* Info.plist */,
				ACA340D825913F1C00CC317A /* macOS.entitlements */,
			);
			path = macOS;
			sourceTree = "<group>";
		};
/* End PBXGroup section */

/* Begin PBXNativeTarget section */
		ACA340CC25913F1C00CC317A /* LesShakras (iOS) */ = {
			isa = PBXNativeTarget;
			buildConfigurationList = ACA340E125913F1C00CC317A /* Build configuration list for PBXNativeTarget "LesShakras (iOS)" */;
			buildPhases = (
				ACA340C925913F1C00CC317A /* Sources */,
				ACA340CA25913F1C00CC317A /* Frameworks */,
				ACA340CB25913F1C00CC317A /* Resources */,
			);
			buildRules = (
			);
			dependencies = (
			);
			name = "LesShakras (iOS)";
			productName = "LesShakras (iOS)";
			productReference = ACA340CD25913F1C00CC317A /* LesShakras.app */;
			productType = "com.apple.product-type.application";
		};
		ACA340D425913F1C00CC317A /* LesShakras (macOS) */ = {
			isa = PBXNativeTarget;
			buildConfigurationList = ACA340E425913F1C00CC317A /* Build configuration list for PBXNativeTarget "LesShakras (macOS)" */;
			buildPhases = (
				ACA340D125913F1C00CC317A /* Sources */,
				ACA340D225913F1C00CC317A /* Frameworks */,
				ACA340D325913F1C00CC317A /* Resources */,
			);
			buildRules = (
			);
			dependencies = (
			);
			name = "LesShakras (macOS)";
			productName = "LesShakras (macOS)";
			productReference = ACA340D525913F1C00CC317A /* LesShakras.app */;
			productType = "com.apple.product-type.application";
		};
/* End PBXNativeTarget section */

/* Begin PBXProject section */
		ACA340C125913F1800CC317A /* Project object */ = {
			isa = PBXProject;
			attributes = {
				LastSwiftUpdateCheck = 1230;
				LastUpgradeCheck = 1230;
				TargetAttributes = {
					ACA340CC25913F1C00CC317A = {
						CreatedOnToolsVersion = 12.3;
					};
					ACA340D425913F1C00CC317A = {
						CreatedOnToolsVersion = 12.3;
					};
				};
			};
			buildConfigurationList = ACA340C425913F1800CC317A /* Build configuration list for PBXProject "LesShakras" */;
			compatibilityVersion = "Xcode 9.3";
			developmentRegion = en;
			hasScannedForEncodings = 0;
			knownRegions = (
				en,
				Base,
			);
			mainGroup = ACA340C025913F1800CC317A;
			productRefGroup = ACA340CE25913F1C00CC317A /* Products */;
			projectDirPath = "";
			projectRoot = "";
			targets = (
				ACA340CC25913F1C00CC317A /* LesShakras (iOS) */,
				ACA340D425913F1C00CC317A /* LesShakras (macOS) */,
			);
		};
/* End PBXProject section */

/* Begin PBXResourcesBuildPhase section */
		ACA340CB25913F1C00CC317A /* Resources */ = {
			isa = PBXResourcesBuildPhase;
			buildActionMask = 2147483647;
			files = (
				ACA340DD25913F1C00CC317A /* Assets.xcassets in Resources */,
			);
			runOnlyForDeploymentPostprocessing = 0;
		};
		ACA340D325913F1C00CC317A /* Resources */ = {
			isa = PBXResourcesBuildPhase;
			buildActionMask = 2147483647;
			files = (
				ACA340DE25913F1C00CC317A /* Assets.xcassets in Resources */,
			);
			runOnlyForDeploymentPostprocessing = 0;
		};
/* End PBXResourcesBuildPhase section */

/* Begin PBXSourcesBuildPhase section */
		ACA340C925913F1C00CC317A /* Sources */ = {
			isa = PBXSourcesBuildPhase;
			buildActionMask = 2147483647;
			files = (
				ACA340DB25913F1C00CC317A /* ContentView.swift in Sources */,
				ACA340D925913F1C00CC317A /* LesShakrasApp.swift in Sources */,
			);
			runOnlyForDeploymentPostprocessing = 0;
		};
		ACA340D125913F1C00CC317A /* Sources */ = {
			isa = PBXSourcesBuildPhase;
			buildActionMask = 2147483647;
			files = (
				ACA340DC25913F1C00CC317A /* ContentView.swift in Sources */,
				ACA340DA25913F1C00CC317A /* LesShakrasApp.swift in Sources */,
			);
			runOnlyForDeploymentPostprocessing = 0;
		};
/* End PBXSourcesBuildPhase section */

/* Begin XCBuildConfiguration section */
		ACA340DF25913F1C00CC317A /* Debug */ = {
			isa = XCBuildConfiguration;
			buildSettings = {
				ALWAYS_SEARCH_USER_PATHS = NO;
				CLANG_ANALYZER_NONNULL = YES;
				CLANG_ANALYZER_NUMBER_OBJECT_CONVERSION = YES_AGGRESSIVE;
				CLANG_CXX_LANGUAGE_STANDARD = "gnu++14";
				CLANG_CXX_LIBRARY = "libc++";
				CLANG_ENABLE_MODULES = YES;
				CLANG_ENABLE_OBJC_ARC = YES;
				CLANG_ENABLE_OBJC_WEAK = YES;
				CLANG_WARN_BLOCK_CAPTURE_AUTORELEASING = YES;
				CLANG_WARN_BOOL_CONVERSION = YES;
				CLANG_WARN_COMMA = YES;
				CLANG_WARN_CONSTANT_CONVERSION = YES;
				CLANG_WARN_DEPRECATED_OBJC_IMPLEMENTATIONS = YES;
				CLANG_WARN_DIRECT_OBJC_ISA_USAGE = YES_ERROR;
				CLANG_WARN_DOCUMENTATION_COMMENTS = YES;
				CLANG_WARN_EMPTY_BODY = YES;
				CLANG_WARN_ENUM_CONVERSION = YES;
				CLANG_WARN_INFINITE_RECURSION = YES;
				CLANG_WARN_INT_CONVERSION = YES;
				CLANG_WARN_NON_LITERAL_NULL_CONVERSION = YES;
				CLANG_WARN_OBJC_IMPLICIT_RETAIN_SELF = YES;
				CLANG_WARN_OBJC_LITERAL_CONVERSION = YES;
				CLANG_WARN_OBJC_ROOT_CLASS = YES_ERROR;
				CLANG_WARN_QUOTED_INCLUDE_IN_FRAMEWORK_HEADER = YES;
				CLANG_WARN_RANGE_LOOP_ANALYSIS = YES;
				CLANG_WARN_STRICT_PROTOTYPES = YES;
				CLANG_WARN_SUSPICIOUS_MOVE = YES;
				CLANG_WARN_UNGUARDED_AVAILABILITY = YES_AGGRESSIVE;
				CLANG_WARN_UNREACHABLE_CODE = YES;
				CLANG_WARN__DUPLICATE_METHOD_MATCH = YES;
				COPY_PHASE_STRIP = NO;
				DEBUG_INFORMATION_FORMAT = dwarf;
				ENABLE_STRICT_OBJC_MSGSEND = YES;
				ENABLE_TESTABILITY = YES;
				GCC_C_LANGUAGE_STANDARD = gnu11;
				GCC_DYNAMIC_NO_PIC = NO;
				GCC_NO_COMMON_BLOCKS = YES;
				GCC_OPTIMIZATION_LEVEL = 0;
				GCC_PREPROCESSOR_DEFINITIONS = (
					"DEBUG=1",
					"$(inherited)",
				);
				GCC_WARN_64_TO_32_BIT_CONVERSION = YES;
				GCC_WARN_ABOUT_RETURN_TYPE = YES_ERROR;
				GCC_WARN_UNDECLARED_SELECTOR = YES;
				GCC_WARN_UNINITIALIZED_AUTOS = YES_AGGRESSIVE;
				GCC_WARN_UNUSED_FUNCTION = YES;
				GCC_WARN_UNUSED_VARIABLE = YES;
				MTL_ENABLE_DEBUG_INFO = INCLUDE_SOURCE;
				MTL_FAST_MATH = YES;
				ONLY_ACTIVE_ARCH = YES;
				SWIFT_ACTIVE_COMPILATION_CONDITIONS = DEBUG;
				SWIFT_OPTIMIZATION_LEVEL = "-Onone";
			};
			name = Debug;
		};
		ACA340E025913F1C00CC317A /* Release */ = {
			isa = XCBuildConfiguration;
			buildSettings = {
				ALWAYS_SEARCH_USER_PATHS = NO;
				CLANG_ANALYZER_NONNULL = YES;
				CLANG_ANALYZER_NUMBER_OBJECT_CONVERSION = YES_AGGRESSIVE;
				CLANG_CXX_LANGUAGE_STANDARD = "gnu++14";
				CLANG_CXX_LIBRARY = "libc++";
				CLANG_ENABLE_MODULES = YES;
				CLANG_ENABLE_OBJC_ARC = YES;
				CLANG_ENABLE_OBJC_WEAK = YES;
				CLANG_WARN_BLOCK_CAPTURE_AUTORELEASING = YES;
				CLANG_WARN_BOOL_CONVERSION = YES;
				CLANG_WARN_COMMA = YES;
				CLANG_WARN_CONSTANT_CONVERSION = YES;
				CLANG_WARN_DEPRECATED_OBJC_IMPLEMENTATIONS = YES;
				CLANG_WARN_DIRECT_OBJC_ISA_USAGE = YES_ERROR;
				CLANG_WARN_DOCUMENTATION_COMMENTS = YES;
				CLANG_WARN_EMPTY_BODY = YES;
				CLANG_WARN_ENUM_CONVERSION = YES;
				CLANG_WARN_INFINITE_RECURSION = YES;
				CLANG_WARN_INT_CONVERSION = YES;
				CLANG_WARN_NON_LITERAL_NULL_CONVERSION = YES;
				CLANG_WARN_OBJC_IMPLICIT_RETAIN_SELF = YES;
				CLANG_WARN_OBJC_LITERAL_CONVERSION = YES;
				CLANG_WARN_OBJC_ROOT_CLASS = YES_ERROR;
				CLANG_WARN_QUOTED_INCLUDE_IN_FRAMEWORK_HEADER = YES;
				CLANG_WARN_RANGE_LOOP_ANALYSIS = YES;
				CLANG_WARN_STRICT_PROTOTYPES = YES;
				CLANG_WARN_SUSPICIOUS_MOVE = YES;
				CLANG_WARN_UNGUARDED_AVAILABILITY = YES_AGGRESSIVE;
				CLANG_WARN_UNREACHABLE_CODE = YES;
				CLANG_WARN__DUPLICATE_METHOD_MATCH = YES;
				COPY_PHASE_STRIP = NO;
				DEBUG_INFORMATION_FORMAT = "dwarf-with-dsym";
				ENABLE_NS_ASSERTIONS = NO;
				ENABLE_STRICT_OBJC_MSGSEND = YES;
				GCC_C_LANGUAGE_STANDARD = gnu11;
				GCC_NO_COMMON_BLOCKS = YES;
				GCC_WARN_64_TO_32_BIT_CONVERSION = YES;
				GCC_WARN_ABOUT_RETURN_TYPE = YES_ERROR;
				GCC_WARN_UNDECLARED_SELECTOR = YES;
				GCC_WARN_UNINITIALIZED_AUTOS = YES_AGGRESSIVE;
				GCC_WARN_UNUSED_FUNCTION = YES;
				GCC_WARN_UNUSED_VARIABLE = YES;
				MTL_ENABLE_DEBUG_INFO = NO;
				MTL_FAST_MATH = YES;
				SWIFT_COMPILATION_MODE = wholemodule;
				SWIFT_OPTIMIZATION_LEVEL = "-O";
			};
			name = Release;
		};
		ACA340E225913F1C00CC317A /* Debug */ = {
			isa = XCBuildConfiguration;
			buildSettings = {
				ASSETCATALOG_COMPILER_APPICON_NAME = AppIcon;
				ASSETCATALOG_COMPILER_GLOBAL_ACCENT_COLOR_NAME = AccentColor;
				CODE_SIGN_STYLE = Automatic;
				DEVELOPMENT_TEAM = U43D64A3HX;
				ENABLE_PREVIEWS = YES;
				INFOPLIST_FILE = iOS/Info.plist;
				IPHONEOS_DEPLOYMENT_TARGET = 14.0;
				LD_RUNPATH_SEARCH_PATHS = (
					"$(inherited)",
					"@executable_path/Frameworks",
				);
				PRODUCT_BUNDLE_IDENTIFIER = "fr.stud-ios.LesShakras";
				PRODUCT_NAME = LesShakras;
				SDKROOT = iphoneos;
				SWIFT_VERSION = 5.0;
				TARGETED_DEVICE_FAMILY = "1,2";
			};
			name = Debug;
		};
		ACA340E325913F1C00CC317A /* Release */ = {
			isa = XCBuildConfiguration;
			buildSettings = {
				ASSETCATALOG_COMPILER_APPICON_NAME = AppIcon;
				ASSETCATALOG_COMPILER_GLOBAL_ACCENT_COLOR_NAME = AccentColor;
				CODE_SIGN_STYLE = Automatic;
				DEVELOPMENT_TEAM = U43D64A3HX;
				ENABLE_PREVIEWS = YES;
				INFOPLIST_FILE = iOS/Info.plist;
				IPHONEOS_DEPLOYMENT_TARGET = 14.0;
				LD_RUNPATH_SEARCH_PATHS = (
					"$(inherited)",
					"@executable_path/Frameworks",
				);
				PRODUCT_BUNDLE_IDENTIFIER = "fr.stud-ios.LesShakras";
				PRODUCT_NAME = LesShakras;
				SDKROOT = iphoneos;
				SWIFT_VERSION = 5.0;
				TARGETED_DEVICE_FAMILY = "1,2";
				VALIDATE_PRODUCT = YES;
			};
			name = Release;
		};
		ACA340E525913F1C00CC317A /* Debug */ = {
			isa = XCBuildConfiguration;
			buildSettings = {
				ASSETCATALOG_COMPILER_APPICON_NAME = AppIcon;
				ASSETCATALOG_COMPILER_GLOBAL_ACCENT_COLOR_NAME = AccentColor;
				CODE_SIGN_ENTITLEMENTS = macOS/macOS.entitlements;
				CODE_SIGN_STYLE = Automatic;
				COMBINE_HIDPI_IMAGES = YES;
				DEVELOPMENT_TEAM = U43D64A3HX;
				ENABLE_HARDENED_RUNTIME = YES;
				ENABLE_PREVIEWS = YES;
				INFOPLIST_FILE = macOS/Info.plist;
				LD_RUNPATH_SEARCH_PATHS = (
					"$(inherited)",
					"@executable_path/../Frameworks",
				);
				MACOSX_DEPLOYMENT_TARGET = 11.0;
				PRODUCT_BUNDLE_IDENTIFIER = "fr.stud-ios.LesShakras";
				PRODUCT_NAME = LesShakras;
				SDKROOT = macosx;
				SWIFT_VERSION = 5.0;
			};
			name = Debug;
		};
		ACA340E625913F1C00CC317A /* Release */ = {
			isa = XCBuildConfiguration;
			buildSettings = {
				ASSETCATALOG_COMPILER_APPICON_NAME = AppIcon;
				ASSETCATALOG_COMPILER_GLOBAL_ACCENT_COLOR_NAME = AccentColor;
				CODE_SIGN_ENTITLEMENTS = macOS/macOS.entitlements;
				CODE_SIGN_STYLE = Automatic;
				COMBINE_HIDPI_IMAGES = YES;
				DEVELOPMENT_TEAM = U43D64A3HX;
				ENABLE_HARDENED_RUNTIME = YES;
				ENABLE_PREVIEWS = YES;
				INFOPLIST_FILE = macOS/Info.plist;
				LD_RUNPATH_SEARCH_PATHS = (
					"$(inherited)",
					"@executable_path/../Frameworks",
				);
				MACOSX_DEPLOYMENT_TARGET = 11.0;
				PRODUCT_BUNDLE_IDENTIFIER = "fr.stud-ios.LesShakras";
				PRODUCT_NAME = LesShakras;
				SDKROOT = macosx;
				SWIFT_VERSION = 5.0;
			};
			name = Release;
		};
/* End XCBuildConfiguration section */

/* Begin XCConfigurationList section */
		ACA340C425913F1800CC317A /* Build configuration list for PBXProject "LesShakras" */ = {
			isa = XCConfigurationList;
			buildConfigurations = (
				ACA340DF25913F1C00CC317A /* Debug */,
				ACA340E025913F1C00CC317A /* Release */,
			);
			defaultConfigurationIsVisible = 0;
			defaultConfigurationName = Release;
		};
		ACA340E125913F1C00CC317A /* Build configuration list for PBXNativeTarget "LesShakras (iOS)" */ = {
			isa = XCConfigurationList;
			buildConfigurations = (
				ACA340E225913F1C00CC317A /* Debug */,
				ACA340E325913F1C00CC317A /* Release */,
			);
			defaultConfigurationIsVisible = 0;
			defaultConfigurationName = Release;
		};
		ACA340E425913F1C00CC317A /* Build configuration list for PBXNativeTarget "LesShakras (macOS)" */ = {
			isa = XCConfigurationList;
			buildConfigurations = (
				ACA340E525913F1C00CC317A /* Debug */,
				ACA340E625913F1C00CC317A /* Release */,
			);
			defaultConfigurationIsVisible = 0;
			defaultConfigurationName = Release;
		};
/* End XCConfigurationList section */
	};
	rootObject = ACA340C125913F1800CC317A /* Project object */;
}
